
Microsoft Visual Studio Solution File, Format Version 12.00
# Visual Studio Version 16
VisualStudioVersion = 16.0.31105.61
MinimumVisualStudioVersion = 10.0.40219.1
Project("{FAE04EC0-301F-11D3-BF4B-00C04F79EFBC}") = "c3", "c3.csproj", "{30E6901A-FCDD-4DA2-A1A4-B8419A9E9C29}"
EndProject
Global
	GlobalSection(SolutionConfigurationPlatforms) = preSolution
		Debug|Any CPU = Debug|Any CPU
		Release|Any CPU = Release|Any CPU
	EndGlobalSection
	GlobalSection(ProjectConfigurationPlatforms) = postSolution
		{30E6901A-FCDD-4DA2-A1A4-B8419A9E9C29}.Debug|Any CPU.ActiveCfg = Debug|Any CPU
		{30E6901A-FCDD-4DA2-A1A4-B8419A9E9C29}.Debug|Any CPU.Build.0 = Debug|Any CPU
		{30E6901A-FCDD-4DA2-A1A4-B8419A9E9C29}.Release|Any CPU.ActiveCfg = Release|Any CPU
		{30E6901A-FCDD-4DA2-A1A4-B8419A9E9C29}.Release|Any CPU.Build.0 = Release|Any CPU
	EndGlobalSection
	GlobalSection(SolutionProperties) = preSolution
		HideSolutionNode = FALSE
	EndGlobalSection
	GlobalSection(ExtensibilityGlobals) = postSolution
		SolutionGuid = {5546F8A4-0590-4E3A-A754-8CF8825B24EA}
	EndGlobalSection
EndGlobal
